
Microsoft Visual Studio Solution File, Format Version 12.00

Project("{FAE04EC0-301F-11D3-BF4B-00C04F79EFBC}") = "AuthMicroservice", "AuthMicroservice\AuthMicroservice.csproj", "{60ADAFF7-1971-4100-BE1B-444E8107A7FA}"
EndProject
Project("{FAE04EC0-301F-11D3-BF4B-00C04F79EFBC}") = "ApiGateway", "ApiGateway\ApiGateway.csproj", "{5606E128-0D6B-478C-BD04-849028FC54F0}"
EndProject
Project("{2150E333-8FDC-42A3-9474-1A3956D46DE8}") = "Solution Items", "Solution Items", "{FA8D0DD7-21AA-44CB-9AA0-F6B10F2C91F3}"
	ProjectSection(SolutionItems) = preProject
		docker-compose.yml = docker-compose.yml
		auth-db.env = auth-db.env
		chats-db.env = chats-db.env
		content-db.env = content-db.env
		notifications-db.env = notifications-db.env
		projects-db.env = projects-db.env
		rabbit-mq.env = rabbit-mq.env
	EndProjectSection
EndProject
Project("{FAE04EC0-301F-11D3-BF4B-00C04F79EFBC}") = "NotificationsMicroservice", "NotificationsMicroservice\NotificationsMicroservice.csproj", "{D3A0D663-1649-4AB7-97C4-A9E73B964CE2}"
EndProject
Project("{FAE04EC0-301F-11D3-BF4B-00C04F79EFBC}") = "ChatsMicroservice", "ChatsMicroservice\ChatsMicroservice.csproj", "{D1F4A962-E937-4908-97F0-AE6BCE22CB2D}"
EndProject
Project("{FAE04EC0-301F-11D3-BF4B-00C04F79EFBC}") = "Shared", "Shared\Shared.csproj", "{58868099-E499-4C92-A6B7-89788C7AE310}"
EndProject
Global
	GlobalSection(SolutionConfigurationPlatforms) = preSolution
		Debug|Any CPU = Debug|Any CPU
		Release|Any CPU = Release|Any CPU
	EndGlobalSection
	GlobalSection(ProjectConfigurationPlatforms) = postSolution
		{8BB8C995-0DA6-40C4-8005-4D4468BF5783}.Debug|Any CPU.ActiveCfg = Debug|Any CPU
		{8BB8C995-0DA6-40C4-8005-4D4468BF5783}.Debug|Any CPU.Build.0 = Debug|Any CPU
		{8BB8C995-0DA6-40C4-8005-4D4468BF5783}.Release|Any CPU.ActiveCfg = Release|Any CPU
		{8BB8C995-0DA6-40C4-8005-4D4468BF5783}.Release|Any CPU.Build.0 = Release|Any CPU
		{0DFE6410-77F4-4F7A-A92C-45E99CD4671F}.Debug|Any CPU.ActiveCfg = Debug|Any CPU
		{0DFE6410-77F4-4F7A-A92C-45E99CD4671F}.Debug|Any CPU.Build.0 = Debug|Any CPU
		{0DFE6410-77F4-4F7A-A92C-45E99CD4671F}.Release|Any CPU.ActiveCfg = Release|Any CPU
		{0DFE6410-77F4-4F7A-A92C-45E99CD4671F}.Release|Any CPU.Build.0 = Release|Any CPU
		{10C238E0-3DD4-423D-A0CC-170BA18C47E2}.Debug|Any CPU.ActiveCfg = Debug|Any CPU
		{10C238E0-3DD4-423D-A0CC-170BA18C47E2}.Debug|Any CPU.Build.0 = Debug|Any CPU
		{10C238E0-3DD4-423D-A0CC-170BA18C47E2}.Release|Any CPU.ActiveCfg = Release|Any CPU
		{10C238E0-3DD4-423D-A0CC-170BA18C47E2}.Release|Any CPU.Build.0 = Release|Any CPU
		{584A3ECB-EAA0-456B-8C03-8AC7D22BE259}.Debug|Any CPU.ActiveCfg = Debug|Any CPU
		{584A3ECB-EAA0-456B-8C03-8AC7D22BE259}.Debug|Any CPU.Build.0 = Debug|Any CPU
		{584A3ECB-EAA0-456B-8C03-8AC7D22BE259}.Release|Any CPU.ActiveCfg = Release|Any CPU
		{584A3ECB-EAA0-456B-8C03-8AC7D22BE259}.Release|Any CPU.Build.0 = Release|Any CPU
		{BCC9AFA7-3743-4DB3-AC9F-8CD515100249}.Debug|Any CPU.ActiveCfg = Debug|Any CPU
		{BCC9AFA7-3743-4DB3-AC9F-8CD515100249}.Debug|Any CPU.Build.0 = Debug|Any CPU
		{BCC9AFA7-3743-4DB3-AC9F-8CD515100249}.Release|Any CPU.ActiveCfg = Release|Any CPU
		{BCC9AFA7-3743-4DB3-AC9F-8CD515100249}.Release|Any CPU.Build.0 = Release|Any CPU
		{4E3CBEB1-16B2-445E-BEC4-D6103F572A22}.Debug|Any CPU.ActiveCfg = Debug|Any CPU
		{4E3CBEB1-16B2-445E-BEC4-D6103F572A22}.Debug|Any CPU.Build.0 = Debug|Any CPU
		{4E3CBEB1-16B2-445E-BEC4-D6103F572A22}.Release|Any CPU.ActiveCfg = Release|Any CPU
		{4E3CBEB1-16B2-445E-BEC4-D6103F572A22}.Release|Any CPU.Build.0 = Release|Any CPU
		{60ADAFF7-1971-4100-BE1B-444E8107A7FA}.Debug|Any CPU.ActiveCfg = Debug|Any CPU
		{60ADAFF7-1971-4100-BE1B-444E8107A7FA}.Debug|Any CPU.Build.0 = Debug|Any CPU
		{60ADAFF7-1971-4100-BE1B-444E8107A7FA}.Release|Any CPU.ActiveCfg = Release|Any CPU
		{60ADAFF7-1971-4100-BE1B-444E8107A7FA}.Release|Any CPU.Build.0 = Release|Any CPU
		{5606E128-0D6B-478C-BD04-849028FC54F0}.Debug|Any CPU.ActiveCfg = Debug|Any CPU
		{5606E128-0D6B-478C-BD04-849028FC54F0}.Debug|Any CPU.Build.0 = Debug|Any CPU
		{5606E128-0D6B-478C-BD04-849028FC54F0}.Release|Any CPU.ActiveCfg = Release|Any CPU
		{5606E128-0D6B-478C-BD04-849028FC54F0}.Release|Any CPU.Build.0 = Release|Any CPU
		{D3A0D663-1649-4AB7-97C4-A9E73B964CE2}.Debug|Any CPU.ActiveCfg = Debug|Any CPU
		{D3A0D663-1649-4AB7-97C4-A9E73B964CE2}.Debug|Any CPU.Build.0 = Debug|Any CPU
		{D3A0D663-1649-4AB7-97C4-A9E73B964CE2}.Release|Any CPU.ActiveCfg = Release|Any CPU
		{D3A0D663-1649-4AB7-97C4-A9E73B964CE2}.Release|Any CPU.Build.0 = Release|Any CPU
		{D1F4A962-E937-4908-97F0-AE6BCE22CB2D}.Debug|Any CPU.ActiveCfg = Debug|Any CPU
		{D1F4A962-E937-4908-97F0-AE6BCE22CB2D}.Debug|Any CPU.Build.0 = Debug|Any CPU
		{D1F4A962-E937-4908-97F0-AE6BCE22CB2D}.Release|Any CPU.ActiveCfg = Release|Any CPU
		{D1F4A962-E937-4908-97F0-AE6BCE22CB2D}.Release|Any CPU.Build.0 = Release|Any CPU
		{58868099-E499-4C92-A6B7-89788C7AE310}.Debug|Any CPU.ActiveCfg = Debug|Any CPU
		{58868099-E499-4C92-A6B7-89788C7AE310}.Debug|Any CPU.Build.0 = Debug|Any CPU
		{58868099-E499-4C92-A6B7-89788C7AE310}.Release|Any CPU.ActiveCfg = Release|Any CPU
		{58868099-E499-4C92-A6B7-89788C7AE310}.Release|Any CPU.Build.0 = Release|Any CPU
	EndGlobalSection
	GlobalSection(NestedProjects) = preSolution
	EndGlobalSection
EndGlobal
