
Microsoft Visual Studio Solution File, Format Version 12.00

Project("{FAE04EC0-301F-11D3-BF4B-00C04F79EFBC}") = "Application", "AuthMicroservice\Application\Application.csproj", "{6A165401-681A-4A92-90B8-67C5B55C205F}"
EndProject
Project("{FAE04EC0-301F-11D3-BF4B-00C04F79EFBC}") = "Domain", "AuthMicroservice\Domain\Domain.csproj", "{4CA21536-813C-484F-9743-BACA61538615}"
EndProject
Project("{FAE04EC0-301F-11D3-BF4B-00C04F79EFBC}") = "Infrastructure", "AuthMicroservice\Infrastructure\Infrastructure.csproj", "{F8C78C73-1FD7-4A4F-8B77-26B84B17F901}"
EndProject
Project("{FAE04EC0-301F-11D3-BF4B-00C04F79EFBC}") = "EntryPoint", "AuthMicroservice\EntryPoint\EntryPoint.csproj", "{9745EF99-0C1B-4912-B750-7D845BE163C0}"
EndProject
Project("{FAE04EC0-301F-11D3-BF4B-00C04F79EFBC}") = "Application", "ChatsMicroservice\Application\Application.csproj", "{4208424F-D505-4E12-8B5A-71656D4A18A4}"
EndProject
Project("{2150E333-8FDC-42A3-9474-1A3956D46DE8}") = "AuthMicroservice", "AuthMicroservice", "{7A1AD987-3748-4D20-9EEF-753E6212532E}"
EndProject
Project("{2150E333-8FDC-42A3-9474-1A3956D46DE8}") = "ContentMicroservice", "ContentMicroservice", "{FD37DE00-8E9F-4294-BE92-FDA56BF66A69}"
EndProject
Project("{2150E333-8FDC-42A3-9474-1A3956D46DE8}") = "ChatsMicroservice", "ChatsMicroservice", "{93DA9A19-D654-4292-8A21-7FF65A22974D}"
EndProject
Project("{2150E333-8FDC-42A3-9474-1A3956D46DE8}") = "NotificationsMicroservice", "NotificationsMicroservice", "{6B056C70-C377-46CC-8F30-6171EE63594A}"
EndProject
Project("{2150E333-8FDC-42A3-9474-1A3956D46DE8}") = "ProjectsMicroservice", "ProjectsMicroservice", "{B9DC9C8D-03F9-41AC-B8BF-38B3883C2100}"
EndProject
Project("{FAE04EC0-301F-11D3-BF4B-00C04F79EFBC}") = "Domain", "ChatsMicroservice\Domain\Domain.csproj", "{E79905CB-D0E8-4495-B968-3DC70FA82D88}"
EndProject
Project("{FAE04EC0-301F-11D3-BF4B-00C04F79EFBC}") = "EntryPoint", "ChatsMicroservice\EntryPoint\EntryPoint.csproj", "{AFB2B50F-BE16-47B6-92C7-C30EA58778B3}"
EndProject
Project("{FAE04EC0-301F-11D3-BF4B-00C04F79EFBC}") = "Infrastructure", "ChatsMicroservice\Infrastructure\Infrastructure.csproj", "{660813EA-B008-4AA2-B6DA-2792D14C0981}"
EndProject
Project("{FAE04EC0-301F-11D3-BF4B-00C04F79EFBC}") = "Application", "ContentMicroservice\Application\Application.csproj", "{59EC7F8F-29FB-462E-AF23-808CE4040B2B}"
EndProject
Project("{FAE04EC0-301F-11D3-BF4B-00C04F79EFBC}") = "Domain", "ContentMicroservice\Domain\Domain.csproj", "{B61A05B9-2211-497E-95EA-F464B1C30F11}"
EndProject
Project("{FAE04EC0-301F-11D3-BF4B-00C04F79EFBC}") = "EntryPoint", "ContentMicroservice\EntryPoint\EntryPoint.csproj", "{283D10C4-9B7C-4C36-B78D-605F09AADB7F}"
EndProject
Project("{FAE04EC0-301F-11D3-BF4B-00C04F79EFBC}") = "Infrastructure", "ContentMicroservice\Infrastructure\Infrastructure.csproj", "{D023F099-2C28-42F8-ADA8-702F8F0FBDC7}"
EndProject
Project("{FAE04EC0-301F-11D3-BF4B-00C04F79EFBC}") = "Application", "NotificationsMicroservice\Application\Application.csproj", "{2CC3A69F-1BAD-4FDB-A8C7-DB78333C0B2D}"
EndProject
Project("{FAE04EC0-301F-11D3-BF4B-00C04F79EFBC}") = "Domain", "NotificationsMicroservice\Domain\Domain.csproj", "{81108111-7D38-43EB-B119-97EA8EF187AB}"
EndProject
Project("{FAE04EC0-301F-11D3-BF4B-00C04F79EFBC}") = "EntryPoint", "NotificationsMicroservice\EntryPoint\EntryPoint.csproj", "{06EE5970-C9FC-4CAB-85D3-CBC2F2DB1D08}"
EndProject
Project("{FAE04EC0-301F-11D3-BF4B-00C04F79EFBC}") = "Infrastructure", "NotificationsMicroservice\Infrastructure\Infrastructure.csproj", "{06F6916B-12EF-4CDE-93D2-92CBC3FFA2F9}"
EndProject
Project("{FAE04EC0-301F-11D3-BF4B-00C04F79EFBC}") = "Application", "ProjectsMicroservice\Application\Application.csproj", "{1AF7D92A-2A95-44DE-9062-1D31357D0531}"
EndProject
Project("{FAE04EC0-301F-11D3-BF4B-00C04F79EFBC}") = "Domain", "ProjectsMicroservice\Domain\Domain.csproj", "{D2CD25B6-43FE-4F1A-AD8A-955E7F32245A}"
EndProject
Project("{FAE04EC0-301F-11D3-BF4B-00C04F79EFBC}") = "EntryPoint", "ProjectsMicroservice\EntryPoint\EntryPoint.csproj", "{3D69E88E-9A47-4814-B1E5-56291BAC2B58}"
EndProject
Project("{FAE04EC0-301F-11D3-BF4B-00C04F79EFBC}") = "Infrastructure", "ProjectsMicroservice\Infrastructure\Infrastructure.csproj", "{51794027-EF52-49C8-8BDB-3FCF54383434}"
EndProject
Global
	GlobalSection(SolutionConfigurationPlatforms) = preSolution
		Debug|Any CPU = Debug|Any CPU
		Release|Any CPU = Release|Any CPU
	EndGlobalSection
	GlobalSection(ProjectConfigurationPlatforms) = postSolution
		{8BB8C995-0DA6-40C4-8005-4D4468BF5783}.Debug|Any CPU.ActiveCfg = Debug|Any CPU
		{8BB8C995-0DA6-40C4-8005-4D4468BF5783}.Debug|Any CPU.Build.0 = Debug|Any CPU
		{8BB8C995-0DA6-40C4-8005-4D4468BF5783}.Release|Any CPU.ActiveCfg = Release|Any CPU
		{8BB8C995-0DA6-40C4-8005-4D4468BF5783}.Release|Any CPU.Build.0 = Release|Any CPU
		{0DFE6410-77F4-4F7A-A92C-45E99CD4671F}.Debug|Any CPU.ActiveCfg = Debug|Any CPU
		{0DFE6410-77F4-4F7A-A92C-45E99CD4671F}.Debug|Any CPU.Build.0 = Debug|Any CPU
		{0DFE6410-77F4-4F7A-A92C-45E99CD4671F}.Release|Any CPU.ActiveCfg = Release|Any CPU
		{0DFE6410-77F4-4F7A-A92C-45E99CD4671F}.Release|Any CPU.Build.0 = Release|Any CPU
		{6A165401-681A-4A92-90B8-67C5B55C205F}.Debug|Any CPU.ActiveCfg = Debug|Any CPU
		{6A165401-681A-4A92-90B8-67C5B55C205F}.Debug|Any CPU.Build.0 = Debug|Any CPU
		{6A165401-681A-4A92-90B8-67C5B55C205F}.Release|Any CPU.ActiveCfg = Release|Any CPU
		{6A165401-681A-4A92-90B8-67C5B55C205F}.Release|Any CPU.Build.0 = Release|Any CPU
		{4CA21536-813C-484F-9743-BACA61538615}.Debug|Any CPU.ActiveCfg = Debug|Any CPU
		{4CA21536-813C-484F-9743-BACA61538615}.Debug|Any CPU.Build.0 = Debug|Any CPU
		{4CA21536-813C-484F-9743-BACA61538615}.Release|Any CPU.ActiveCfg = Release|Any CPU
		{4CA21536-813C-484F-9743-BACA61538615}.Release|Any CPU.Build.0 = Release|Any CPU
		{F8C78C73-1FD7-4A4F-8B77-26B84B17F901}.Debug|Any CPU.ActiveCfg = Debug|Any CPU
		{F8C78C73-1FD7-4A4F-8B77-26B84B17F901}.Debug|Any CPU.Build.0 = Debug|Any CPU
		{F8C78C73-1FD7-4A4F-8B77-26B84B17F901}.Release|Any CPU.ActiveCfg = Release|Any CPU
		{F8C78C73-1FD7-4A4F-8B77-26B84B17F901}.Release|Any CPU.Build.0 = Release|Any CPU
		{9745EF99-0C1B-4912-B750-7D845BE163C0}.Debug|Any CPU.ActiveCfg = Debug|Any CPU
		{9745EF99-0C1B-4912-B750-7D845BE163C0}.Debug|Any CPU.Build.0 = Debug|Any CPU
		{9745EF99-0C1B-4912-B750-7D845BE163C0}.Release|Any CPU.ActiveCfg = Release|Any CPU
		{9745EF99-0C1B-4912-B750-7D845BE163C0}.Release|Any CPU.Build.0 = Release|Any CPU
		{4208424F-D505-4E12-8B5A-71656D4A18A4}.Debug|Any CPU.ActiveCfg = Debug|Any CPU
		{4208424F-D505-4E12-8B5A-71656D4A18A4}.Debug|Any CPU.Build.0 = Debug|Any CPU
		{4208424F-D505-4E12-8B5A-71656D4A18A4}.Release|Any CPU.ActiveCfg = Release|Any CPU
		{4208424F-D505-4E12-8B5A-71656D4A18A4}.Release|Any CPU.Build.0 = Release|Any CPU
		{E79905CB-D0E8-4495-B968-3DC70FA82D88}.Debug|Any CPU.ActiveCfg = Debug|Any CPU
		{E79905CB-D0E8-4495-B968-3DC70FA82D88}.Debug|Any CPU.Build.0 = Debug|Any CPU
		{E79905CB-D0E8-4495-B968-3DC70FA82D88}.Release|Any CPU.ActiveCfg = Release|Any CPU
		{E79905CB-D0E8-4495-B968-3DC70FA82D88}.Release|Any CPU.Build.0 = Release|Any CPU
		{AFB2B50F-BE16-47B6-92C7-C30EA58778B3}.Debug|Any CPU.ActiveCfg = Debug|Any CPU
		{AFB2B50F-BE16-47B6-92C7-C30EA58778B3}.Debug|Any CPU.Build.0 = Debug|Any CPU
		{AFB2B50F-BE16-47B6-92C7-C30EA58778B3}.Release|Any CPU.ActiveCfg = Release|Any CPU
		{AFB2B50F-BE16-47B6-92C7-C30EA58778B3}.Release|Any CPU.Build.0 = Release|Any CPU
		{660813EA-B008-4AA2-B6DA-2792D14C0981}.Debug|Any CPU.ActiveCfg = Debug|Any CPU
		{660813EA-B008-4AA2-B6DA-2792D14C0981}.Debug|Any CPU.Build.0 = Debug|Any CPU
		{660813EA-B008-4AA2-B6DA-2792D14C0981}.Release|Any CPU.ActiveCfg = Release|Any CPU
		{660813EA-B008-4AA2-B6DA-2792D14C0981}.Release|Any CPU.Build.0 = Release|Any CPU
		{59EC7F8F-29FB-462E-AF23-808CE4040B2B}.Debug|Any CPU.ActiveCfg = Debug|Any CPU
		{59EC7F8F-29FB-462E-AF23-808CE4040B2B}.Debug|Any CPU.Build.0 = Debug|Any CPU
		{59EC7F8F-29FB-462E-AF23-808CE4040B2B}.Release|Any CPU.ActiveCfg = Release|Any CPU
		{59EC7F8F-29FB-462E-AF23-808CE4040B2B}.Release|Any CPU.Build.0 = Release|Any CPU
		{B61A05B9-2211-497E-95EA-F464B1C30F11}.Debug|Any CPU.ActiveCfg = Debug|Any CPU
		{B61A05B9-2211-497E-95EA-F464B1C30F11}.Debug|Any CPU.Build.0 = Debug|Any CPU
		{B61A05B9-2211-497E-95EA-F464B1C30F11}.Release|Any CPU.ActiveCfg = Release|Any CPU
		{B61A05B9-2211-497E-95EA-F464B1C30F11}.Release|Any CPU.Build.0 = Release|Any CPU
		{283D10C4-9B7C-4C36-B78D-605F09AADB7F}.Debug|Any CPU.ActiveCfg = Debug|Any CPU
		{283D10C4-9B7C-4C36-B78D-605F09AADB7F}.Debug|Any CPU.Build.0 = Debug|Any CPU
		{283D10C4-9B7C-4C36-B78D-605F09AADB7F}.Release|Any CPU.ActiveCfg = Release|Any CPU
		{283D10C4-9B7C-4C36-B78D-605F09AADB7F}.Release|Any CPU.Build.0 = Release|Any CPU
		{D023F099-2C28-42F8-ADA8-702F8F0FBDC7}.Debug|Any CPU.ActiveCfg = Debug|Any CPU
		{D023F099-2C28-42F8-ADA8-702F8F0FBDC7}.Debug|Any CPU.Build.0 = Debug|Any CPU
		{D023F099-2C28-42F8-ADA8-702F8F0FBDC7}.Release|Any CPU.ActiveCfg = Release|Any CPU
		{D023F099-2C28-42F8-ADA8-702F8F0FBDC7}.Release|Any CPU.Build.0 = Release|Any CPU
		{2CC3A69F-1BAD-4FDB-A8C7-DB78333C0B2D}.Debug|Any CPU.ActiveCfg = Debug|Any CPU
		{2CC3A69F-1BAD-4FDB-A8C7-DB78333C0B2D}.Debug|Any CPU.Build.0 = Debug|Any CPU
		{2CC3A69F-1BAD-4FDB-A8C7-DB78333C0B2D}.Release|Any CPU.ActiveCfg = Release|Any CPU
		{2CC3A69F-1BAD-4FDB-A8C7-DB78333C0B2D}.Release|Any CPU.Build.0 = Release|Any CPU
		{81108111-7D38-43EB-B119-97EA8EF187AB}.Debug|Any CPU.ActiveCfg = Debug|Any CPU
		{81108111-7D38-43EB-B119-97EA8EF187AB}.Debug|Any CPU.Build.0 = Debug|Any CPU
		{81108111-7D38-43EB-B119-97EA8EF187AB}.Release|Any CPU.ActiveCfg = Release|Any CPU
		{81108111-7D38-43EB-B119-97EA8EF187AB}.Release|Any CPU.Build.0 = Release|Any CPU
		{06EE5970-C9FC-4CAB-85D3-CBC2F2DB1D08}.Debug|Any CPU.ActiveCfg = Debug|Any CPU
		{06EE5970-C9FC-4CAB-85D3-CBC2F2DB1D08}.Debug|Any CPU.Build.0 = Debug|Any CPU
		{06EE5970-C9FC-4CAB-85D3-CBC2F2DB1D08}.Release|Any CPU.ActiveCfg = Release|Any CPU
		{06EE5970-C9FC-4CAB-85D3-CBC2F2DB1D08}.Release|Any CPU.Build.0 = Release|Any CPU
		{06F6916B-12EF-4CDE-93D2-92CBC3FFA2F9}.Debug|Any CPU.ActiveCfg = Debug|Any CPU
		{06F6916B-12EF-4CDE-93D2-92CBC3FFA2F9}.Debug|Any CPU.Build.0 = Debug|Any CPU
		{06F6916B-12EF-4CDE-93D2-92CBC3FFA2F9}.Release|Any CPU.ActiveCfg = Release|Any CPU
		{06F6916B-12EF-4CDE-93D2-92CBC3FFA2F9}.Release|Any CPU.Build.0 = Release|Any CPU
		{1AF7D92A-2A95-44DE-9062-1D31357D0531}.Debug|Any CPU.ActiveCfg = Debug|Any CPU
		{1AF7D92A-2A95-44DE-9062-1D31357D0531}.Debug|Any CPU.Build.0 = Debug|Any CPU
		{1AF7D92A-2A95-44DE-9062-1D31357D0531}.Release|Any CPU.ActiveCfg = Release|Any CPU
		{1AF7D92A-2A95-44DE-9062-1D31357D0531}.Release|Any CPU.Build.0 = Release|Any CPU
		{D2CD25B6-43FE-4F1A-AD8A-955E7F32245A}.Debug|Any CPU.ActiveCfg = Debug|Any CPU
		{D2CD25B6-43FE-4F1A-AD8A-955E7F32245A}.Debug|Any CPU.Build.0 = Debug|Any CPU
		{D2CD25B6-43FE-4F1A-AD8A-955E7F32245A}.Release|Any CPU.ActiveCfg = Release|Any CPU
		{D2CD25B6-43FE-4F1A-AD8A-955E7F32245A}.Release|Any CPU.Build.0 = Release|Any CPU
		{3D69E88E-9A47-4814-B1E5-56291BAC2B58}.Debug|Any CPU.ActiveCfg = Debug|Any CPU
		{3D69E88E-9A47-4814-B1E5-56291BAC2B58}.Debug|Any CPU.Build.0 = Debug|Any CPU
		{3D69E88E-9A47-4814-B1E5-56291BAC2B58}.Release|Any CPU.ActiveCfg = Release|Any CPU
		{3D69E88E-9A47-4814-B1E5-56291BAC2B58}.Release|Any CPU.Build.0 = Release|Any CPU
		{51794027-EF52-49C8-8BDB-3FCF54383434}.Debug|Any CPU.ActiveCfg = Debug|Any CPU
		{51794027-EF52-49C8-8BDB-3FCF54383434}.Debug|Any CPU.Build.0 = Debug|Any CPU
		{51794027-EF52-49C8-8BDB-3FCF54383434}.Release|Any CPU.ActiveCfg = Release|Any CPU
		{51794027-EF52-49C8-8BDB-3FCF54383434}.Release|Any CPU.Build.0 = Release|Any CPU
	EndGlobalSection
	GlobalSection(NestedProjects) = preSolution
		{9745EF99-0C1B-4912-B750-7D845BE163C0} = {7A1AD987-3748-4D20-9EEF-753E6212532E}
		{F8C78C73-1FD7-4A4F-8B77-26B84B17F901} = {7A1AD987-3748-4D20-9EEF-753E6212532E}
		{4CA21536-813C-484F-9743-BACA61538615} = {7A1AD987-3748-4D20-9EEF-753E6212532E}
		{6A165401-681A-4A92-90B8-67C5B55C205F} = {7A1AD987-3748-4D20-9EEF-753E6212532E}
		{4208424F-D505-4E12-8B5A-71656D4A18A4} = {93DA9A19-D654-4292-8A21-7FF65A22974D}
		{E79905CB-D0E8-4495-B968-3DC70FA82D88} = {93DA9A19-D654-4292-8A21-7FF65A22974D}
		{AFB2B50F-BE16-47B6-92C7-C30EA58778B3} = {93DA9A19-D654-4292-8A21-7FF65A22974D}
		{59EC7F8F-29FB-462E-AF23-808CE4040B2B} = {FD37DE00-8E9F-4294-BE92-FDA56BF66A69}
		{660813EA-B008-4AA2-B6DA-2792D14C0981} = {93DA9A19-D654-4292-8A21-7FF65A22974D}
		{B61A05B9-2211-497E-95EA-F464B1C30F11} = {FD37DE00-8E9F-4294-BE92-FDA56BF66A69}
		{283D10C4-9B7C-4C36-B78D-605F09AADB7F} = {FD37DE00-8E9F-4294-BE92-FDA56BF66A69}
		{D023F099-2C28-42F8-ADA8-702F8F0FBDC7} = {FD37DE00-8E9F-4294-BE92-FDA56BF66A69}
		{2CC3A69F-1BAD-4FDB-A8C7-DB78333C0B2D} = {6B056C70-C377-46CC-8F30-6171EE63594A}
		{81108111-7D38-43EB-B119-97EA8EF187AB} = {6B056C70-C377-46CC-8F30-6171EE63594A}
		{06EE5970-C9FC-4CAB-85D3-CBC2F2DB1D08} = {6B056C70-C377-46CC-8F30-6171EE63594A}
		{06F6916B-12EF-4CDE-93D2-92CBC3FFA2F9} = {6B056C70-C377-46CC-8F30-6171EE63594A}
		{D2CD25B6-43FE-4F1A-AD8A-955E7F32245A} = {B9DC9C8D-03F9-41AC-B8BF-38B3883C2100}
		{1AF7D92A-2A95-44DE-9062-1D31357D0531} = {B9DC9C8D-03F9-41AC-B8BF-38B3883C2100}
		{3D69E88E-9A47-4814-B1E5-56291BAC2B58} = {B9DC9C8D-03F9-41AC-B8BF-38B3883C2100}
		{51794027-EF52-49C8-8BDB-3FCF54383434} = {B9DC9C8D-03F9-41AC-B8BF-38B3883C2100}
	EndGlobalSection
EndGlobal
